
Microsoft Visual Studio Solution File, Format Version 12.00
# Visual Studio Version 17
VisualStudioVersion = 17.13.35913.81 d17.13
MinimumVisualStudioVersion = 10.0.40219.1
Project("{8BC9CEB8-8B4A-11D0-8D11-00A0C91BC942}") = "day14_stack.cpp", "day14_stack.cpp\day14_stack.cpp.vcxproj", "{F9479729-3EAD-4ECA-9AD6-646C6CF42D7F}"
EndProject
Global
	GlobalSection(SolutionConfigurationPlatforms) = preSolution
		Debug|x64 = Debug|x64
		Debug|x86 = Debug|x86
		Release|x64 = Release|x64
		Release|x86 = Release|x86
	EndGlobalSection
	GlobalSection(ProjectConfigurationPlatforms) = postSolution
		{F9479729-3EAD-4ECA-9AD6-646C6CF42D7F}.Debug|x64.ActiveCfg = Debug|x64
		{F9479729-3EAD-4ECA-9AD6-646C6CF42D7F}.Debug|x64.Build.0 = Debug|x64
		{F9479729-3EAD-4ECA-9AD6-646C6CF42D7F}.Debug|x86.ActiveCfg = Debug|Win32
		{F9479729-3EAD-4ECA-9AD6-646C6CF42D7F}.Debug|x86.Build.0 = Debug|Win32
		{F9479729-3EAD-4ECA-9AD6-646C6CF42D7F}.Release|x64.ActiveCfg = Release|x64
		{F9479729-3EAD-4ECA-9AD6-646C6CF42D7F}.Release|x64.Build.0 = Release|x64
		{F9479729-3EAD-4ECA-9AD6-646C6CF42D7F}.Release|x86.ActiveCfg = Release|Win32
		{F9479729-3EAD-4ECA-9AD6-646C6CF42D7F}.Release|x86.Build.0 = Release|Win32
	EndGlobalSection
	GlobalSection(SolutionProperties) = preSolution
		HideSolutionNode = FALSE
	EndGlobalSection
	GlobalSection(ExtensibilityGlobals) = postSolution
		SolutionGuid = {0EF853A4-0379-4E5A-BD3E-9AF8D8C32E3A}
	EndGlobalSection
EndGlobal
